{
  "name": "sealos-desktop-sdk",
  "version": "0.1.14",
  "lockfileVersion": 3,
  "requires": true,
  "packages": {
    "": {
      "name": "sealos-desktop-sdk",
      "version": "0.1.14",
      "license": "ISC",
      "dependencies": {
        "axios": "^1.5.1",
        "dayjs": "^1.11.10",
        "js-cookie": "^3.0.5",
        "js-yaml": "^4.1.0",
        "uuid": "^9.0.1"
      },
      "devDependencies": {
        "@kubernetes/client-node": "^0.18.1",
        "@rollup/plugin-typescript": "^11.1.4",
        "@types/js-cookie": "^3.0.4",
        "@types/js-yaml": "^4.0.6",
        "@types/node": "^20.7.1",
        "@types/uuid": "^9.0.4",
        "rollup": "2.79.1",
        "rollup-plugin-copy": "^3.5.0",
        "rollup-plugin-dts": "^4.2.3",
        "tslib": "^2.6.2"
      },
      "peerDependencies": {
        "@kubernetes/client-node": "^0.18.1"
      }
    },
    "../../node_modules/.pnpm/@kubernetes+client-node@0.18.1/node_modules/@kubernetes/client-node": {
      "version": "0.18.1",
      "dev": true,
      "license": "Apache-2.0",
      "dependencies": {
        "@types/js-yaml": "^4.0.1",
        "@types/node": "^18.11.17",
        "@types/request": "^2.47.1",
        "@types/ws": "^8.5.3",
        "byline": "^5.0.0",
        "isomorphic-ws": "^5.0.0",
        "js-yaml": "^4.1.0",
        "jsonpath-plus": "^7.2.0",
        "request": "^2.88.0",
        "rfc4648": "^1.3.0",
        "stream-buffers": "^3.0.2",
        "tar": "^6.1.11",
        "tmp-promise": "^3.0.2",
        "tslib": "^2.4.1",
        "underscore": "^1.13.6",
        "ws": "^8.11.0"
      },
      "devDependencies": {
        "@types/byline": "^4.2.31",
        "@types/chai": "^4.1.6",
        "@types/chai-as-promised": "^7.1.0",
        "@types/mocha": "^10.0.1",
        "@types/mock-fs": "^4.13.1",
        "@types/stream-buffers": "^3.0.3",
        "@types/tar": "^6.1.3",
        "@types/underscore": "^1.11.4",
        "chai": "^4.2.0",
        "chai-as-promised": "^7.1.1",
        "husky": "^8.0.2",
        "jasmine": "^4.5.0",
        "mocha": "^10.1.0",
        "mock-fs": "^5.2.0",
        "nock": "^13.2.9",
        "nyc": "^15.1.0",
        "prettier": "~2.8.1",
        "source-map-support": "^0.5.9",
        "ts-mockito": "^2.3.1",
        "ts-node": "^10.9.1",
        "tslint": "^6.1.3",
        "typedoc": "^0.23.22",
        "typescript": "~4.9.4"
      },
      "optionalDependencies": {
        "openid-client": "^5.3.0"
      }
    },
    "../../node_modules/.pnpm/@rollup+plugin-typescript@11.1.6_rollup@2.79.1_tslib@2.7.0_typescript@4.9.5/node_modules/@rollup/plugin-typescript": {
      "version": "11.1.6",
      "dev": true,
      "license": "MIT",
      "dependencies": {
        "@rollup/pluginutils": "^5.1.0",
        "resolve": "^1.22.1"
      },
      "devDependencies": {
        "@rollup/plugin-buble": "^1.0.0",
        "@rollup/plugin-commonjs": "^23.0.0",
        "@types/node": "^14.18.30",
        "@types/resolve": "^1.20.2",
        "buble": "^0.20.0",
        "rollup": "^4.0.0-24",
        "typescript": "^4.8.3"
      },
      "engines": {
        "node": ">=14.0.0"
      },
      "peerDependencies": {
        "rollup": "^2.14.0||^3.0.0||^4.0.0",
        "tslib": "*",
        "typescript": ">=3.7.0"
      },
      "peerDependenciesMeta": {
        "rollup": {
          "optional": true
        },
        "tslib": {
          "optional": true
        }
      }
    },
    "../../node_modules/.pnpm/@types+js-cookie@3.0.6/node_modules/@types/js-cookie": {
      "version": "3.0.6",
      "dev": true,
      "license": "MIT"
    },
    "../../node_modules/.pnpm/@types+js-yaml@4.0.9/node_modules/@types/js-yaml": {
      "version": "4.0.9",
      "dev": true,
      "license": "MIT"
    },
    "../../node_modules/.pnpm/@types+node@20.16.5/node_modules/@types/node": {
      "version": "20.16.5",
      "dev": true,
      "license": "MIT",
      "dependencies": {
        "undici-types": "~6.19.2"
      }
    },
    "../../node_modules/.pnpm/@types+uuid@9.0.8/node_modules/@types/uuid": {
      "version": "9.0.8",
      "dev": true,
      "license": "MIT"
    },
    "../../node_modules/.pnpm/axios@1.7.7/node_modules/axios": {
      "version": "1.7.7",
      "license": "MIT",
      "dependencies": {
        "follow-redirects": "^1.15.6",
        "form-data": "^4.0.0",
        "proxy-from-env": "^1.1.0"
      },
      "devDependencies": {
        "@babel/core": "^7.23.9",
        "@babel/preset-env": "^7.23.9",
        "@commitlint/cli": "^17.8.1",
        "@commitlint/config-conventional": "^17.8.1",
        "@release-it/conventional-changelog": "^5.1.1",
        "@rollup/plugin-alias": "^5.1.0",
        "@rollup/plugin-babel": "^5.3.1",
        "@rollup/plugin-commonjs": "^15.1.0",
        "@rollup/plugin-json": "^4.1.0",
        "@rollup/plugin-multi-entry": "^4.1.0",
        "@rollup/plugin-node-resolve": "^9.0.0",
        "abortcontroller-polyfill": "^1.7.5",
        "auto-changelog": "^2.4.0",
        "body-parser": "^1.20.2",
        "chalk": "^5.3.0",
        "coveralls": "^3.1.1",
        "cross-env": "^7.0.3",
        "dev-null": "^0.1.1",
        "dtslint": "^4.2.1",
        "es6-promise": "^4.2.8",
        "eslint": "^8.56.0",
        "express": "^4.18.2",
        "formdata-node": "^5.0.1",
        "formidable": "^2.1.2",
        "fs-extra": "^10.1.0",
        "get-stream": "^3.0.0",
        "gulp": "^4.0.2",
        "gzip-size": "^7.0.0",
        "handlebars": "^4.7.8",
        "husky": "^8.0.3",
        "istanbul-instrumenter-loader": "^3.0.1",
        "jasmine-core": "^2.99.1",
        "karma": "^6.3.17",
        "karma-chrome-launcher": "^3.2.0",
        "karma-firefox-launcher": "^2.1.2",
        "karma-jasmine": "^1.1.2",
        "karma-jasmine-ajax": "^0.1.13",
        "karma-rollup-preprocessor": "^7.0.8",
        "karma-safari-launcher": "^1.0.0",
        "karma-sauce-launcher": "^4.3.6",
        "karma-sinon": "^1.0.5",
        "karma-sourcemap-loader": "^0.3.8",
        "memoizee": "^0.4.15",
        "minimist": "^1.2.8",
        "mocha": "^10.3.0",
        "multer": "^1.4.4",
        "pretty-bytes": "^6.1.1",
        "release-it": "^15.11.0",
        "rollup": "^2.79.1",
        "rollup-plugin-auto-external": "^2.0.0",
        "rollup-plugin-bundle-size": "^1.0.3",
        "rollup-plugin-terser": "^7.0.2",
        "sinon": "^4.5.0",
        "stream-throttle": "^0.1.3",
        "string-replace-async": "^3.0.2",
        "terser-webpack-plugin": "^4.2.3",
        "typescript": "^4.9.5"
      }
    },
    "../../node_modules/.pnpm/dayjs@1.11.13/node_modules/dayjs": {
      "version": "1.11.13",
      "license": "MIT",
      "devDependencies": {
        "@babel/cli": "^7.0.0-beta.44",
        "@babel/core": "^7.0.0-beta.44",
        "@babel/node": "^7.0.0-beta.44",
        "@babel/preset-env": "^7.0.0-beta.44",
        "babel-core": "^7.0.0-bridge.0",
        "babel-jest": "^22.4.3",
        "babel-plugin-external-helpers": "^6.22.0",
        "cross-env": "^5.1.6",
        "eslint": "^4.19.1",
        "eslint-config-airbnb-base": "^12.1.0",
        "eslint-plugin-import": "^2.10.0",
        "eslint-plugin-jest": "^21.15.0",
        "gzip-size-cli": "^2.1.0",
        "jasmine-core": "^2.99.1",
        "jest": "^22.4.3",
        "karma": "^2.0.2",
        "karma-jasmine": "^1.1.2",
        "karma-sauce-launcher": "^1.1.0",
        "mockdate": "^2.0.2",
        "moment": "2.29.2",
        "moment-timezone": "0.5.31",
        "ncp": "^2.0.0",
        "pre-commit": "^1.2.2",
        "prettier": "^1.16.1",
        "rollup": "^2.45.1",
        "rollup-plugin-babel": "^4.4.0",
        "rollup-plugin-terser": "^7.0.2",
        "size-limit": "^0.18.0",
        "typescript": "^2.8.3"
      }
    },
    "../../node_modules/.pnpm/js-cookie@3.0.5/node_modules/js-cookie": {
      "version": "3.0.5",
      "license": "MIT",
      "devDependencies": {
        "@rollup/plugin-terser": "^0.4.0",
        "browserstack-runner": "github:browserstack/browserstack-runner#1e85e559951bdf97ffe2a7c744ee67ca83589fde",
        "eslint": "^7.31.0",
        "eslint-config-standard": "^16.0.3",
        "eslint-plugin-html": "^7.0.0",
        "eslint-plugin-markdown": "^3.0.0",
        "grunt": "^1.0.4",
        "grunt-compare-size": "^0.4.2",
        "grunt-contrib-connect": "^3.0.0",
        "grunt-contrib-nodeunit": "^5.0.0",
        "grunt-contrib-qunit": "^7.0.0",
        "grunt-contrib-watch": "^1.1.0",
        "grunt-exec": "^3.0.0",
        "gzip-js": "^0.3.2",
        "prettier": "^2.3.2",
        "qunit": "^2.9.3",
        "release-it": "^15.0.0",
        "rollup": "^3.17.2",
        "rollup-plugin-filesize": "^10.0.0",
        "rollup-plugin-license": "^3.0.0",
        "standard": "^17.0.0"
      },
      "engines": {
        "node": ">=14"
      }
    },
    "../../node_modules/.pnpm/js-yaml@4.1.0/node_modules/js-yaml": {
      "version": "4.1.0",
      "license": "MIT",
      "dependencies": {
        "argparse": "^2.0.1"
      },
      "bin": {
        "js-yaml": "bin/js-yaml.js"
      },
      "devDependencies": {
        "@rollup/plugin-commonjs": "^17.0.0",
        "@rollup/plugin-node-resolve": "^11.0.0",
        "ansi": "^0.3.1",
        "benchmark": "^2.1.4",
        "codemirror": "^5.13.4",
        "eslint": "^7.0.0",
        "fast-check": "^2.8.0",
        "gh-pages": "^3.1.0",
        "mocha": "^8.2.1",
        "nyc": "^15.1.0",
        "rollup": "^2.34.1",
        "rollup-plugin-node-polyfills": "^0.2.1",
        "rollup-plugin-terser": "^7.0.2",
        "shelljs": "^0.8.4"
      }
    },
    "../../node_modules/.pnpm/rollup-plugin-copy@3.5.0/node_modules/rollup-plugin-copy": {
      "version": "3.5.0",
      "dev": true,
      "license": "MIT",
      "dependencies": {
        "@types/fs-extra": "^8.0.1",
        "colorette": "^1.1.0",
        "fs-extra": "^8.1.0",
        "globby": "10.0.1",
        "is-plain-object": "^3.0.0"
      },
      "devDependencies": {
        "@babel/core": "^7.12.17",
        "@babel/preset-env": "^7.12.17",
        "babel-jest": "^25.5.1",
        "codecov": "^3.6.1",
        "eslint": "6.5.1",
        "eslint-config-airbnb-base": "^14.0.0",
        "eslint-plugin-import": "^2.20.0",
        "jest": "^25.5.4",
        "replace-in-file": "^5.0.2",
        "rimraf": "^3.0.0",
        "rollup": "^1.29.0",
        "rollup-plugin-auto-external": "^2.0.0",
        "rollup-plugin-babel": "^4.3.3"
      },
      "engines": {
        "node": ">=8.3"
      }
    },
    "../../node_modules/.pnpm/rollup-plugin-dts@4.2.3_rollup@2.79.1_typescript@4.9.5/node_modules/rollup-plugin-dts": {
      "version": "4.2.3",
      "dev": true,
      "license": "LGPL-3.0",
      "dependencies": {
        "magic-string": "^0.26.6"
      },
      "devDependencies": {
        "@types/babel__code-frame": "^7.0.3",
        "@types/d3-drag": "^3.0.1",
        "@types/estree": "1.0.0",
        "@types/fs-extra": "^9.0.13",
        "@types/node": "^18.8.3",
        "@types/react": "^18.0.21",
        "c8": "^7.12.0",
        "fs-extra": "^10.1.0",
        "rimraf": "^3.0.2",
        "rollup": "2.79.1",
        "typescript": "4.8.4"
      },
      "engines": {
        "node": ">=v12.22.12"
      },
      "funding": {
        "url": "https://github.com/sponsors/Swatinem"
      },
      "optionalDependencies": {
        "@babel/code-frame": "^7.18.6"
      },
      "peerDependencies": {
        "rollup": "^2.55",
        "typescript": "^4.1"
      }
    },
    "../../node_modules/.pnpm/rollup@2.79.1/node_modules/rollup": {
      "version": "2.79.1",
      "dev": true,
      "license": "MIT",
      "bin": {
        "rollup": "dist/bin/rollup"
      },
      "devDependencies": {
        "@rollup/plugin-alias": "^3.1.9",
        "@rollup/plugin-buble": "^0.21.3",
        "@rollup/plugin-commonjs": "^22.0.1",
        "@rollup/plugin-json": "^4.1.0",
        "@rollup/plugin-node-resolve": "^13.3.0",
        "@rollup/plugin-replace": "^4.0.0",
        "@rollup/plugin-typescript": "^8.3.3",
        "@rollup/pluginutils": "^4.2.1",
        "@types/estree": "0.0.52",
        "@types/node": "^10.17.60",
        "@types/signal-exit": "^3.0.1",
        "@types/yargs-parser": "^20.2.2",
        "@typescript-eslint/eslint-plugin": "^5.30.7",
        "@typescript-eslint/parser": "^5.30.7",
        "acorn": "^8.7.1",
        "acorn-jsx": "^5.3.2",
        "acorn-walk": "^8.2.0",
        "buble": "^0.20.0",
        "chokidar": "^3.5.3",
        "colorette": "^2.0.19",
        "core-js": "^3.23.5",
        "date-time": "^4.0.0",
        "es5-shim": "^4.6.7",
        "es6-shim": "^0.35.6",
        "eslint": "^8.20.0",
        "eslint-config-prettier": "^8.5.0",
        "eslint-plugin-import": "^2.26.0",
        "eslint-plugin-prettier": "^4.2.1",
        "execa": "^5.1.1",
        "fixturify": "^2.1.1",
        "fs-extra": "^10.1.0",
        "hash.js": "^1.1.7",
        "husky": "^7.0.4",
        "is-reference": "^3.0.0",
        "lint-staged": "^10.5.4",
        "locate-character": "^2.0.5",
        "magic-string": "^0.26.2",
        "mocha": "^9.2.2",
        "nyc": "^15.1.0",
        "prettier": "^2.7.1",
        "pretty-bytes": "^5.6.0",
        "pretty-ms": "^7.0.1",
        "requirejs": "^2.3.6",
        "rollup": "^2.77.0",
        "rollup-plugin-license": "^2.8.1",
        "rollup-plugin-string": "^3.0.0",
        "rollup-plugin-terser": "^7.0.2",
        "rollup-plugin-thatworks": "^1.0.4",
        "shx": "^0.3.4",
        "signal-exit": "^3.0.7",
        "source-map": "^0.7.4",
        "source-map-support": "^0.5.21",
        "sourcemap-codec": "^1.4.8",
        "systemjs": "^6.12.1",
        "terser": "^5.14.2",
        "tslib": "^2.4.0",
        "typescript": "^4.7.4",
        "weak-napi": "^2.0.2",
        "yargs-parser": "^20.2.9"
      },
      "engines": {
        "node": ">=10.0.0"
      },
      "optionalDependencies": {
        "fsevents": "~2.3.2"
      }
    },
    "../../node_modules/.pnpm/tslib@2.7.0/node_modules/tslib": {
      "version": "2.7.0",
      "dev": true,
      "license": "0BSD"
    },
    "../../node_modules/.pnpm/uuid@9.0.1/node_modules/uuid": {
      "version": "9.0.1",
      "funding": [
        "https://github.com/sponsors/broofa",
        "https://github.com/sponsors/ctavan"
      ],
      "license": "MIT",
      "bin": {
        "uuid": "dist/bin/uuid"
      },
      "devDependencies": {
        "@babel/cli": "7.18.10",
        "@babel/core": "7.18.10",
        "@babel/eslint-parser": "7.18.9",
        "@babel/preset-env": "7.18.10",
        "@commitlint/cli": "17.0.3",
        "@commitlint/config-conventional": "17.0.3",
        "bundlewatch": "0.3.3",
        "eslint": "8.21.0",
        "eslint-config-prettier": "8.5.0",
        "eslint-config-standard": "17.0.0",
        "eslint-plugin-import": "2.26.0",
        "eslint-plugin-node": "11.1.0",
        "eslint-plugin-prettier": "4.2.1",
        "eslint-plugin-promise": "6.0.0",
        "husky": "8.0.1",
        "jest": "28.1.3",
        "lint-staged": "13.0.3",
        "npm-run-all": "4.1.5",
        "optional-dev-dependency": "2.0.1",
        "prettier": "2.7.1",
        "random-seed": "0.3.0",
        "runmd": "1.3.9",
        "standard-version": "9.5.0"
      }
    },
    "node_modules/@kubernetes/client-node": {
      "resolved": "../../node_modules/.pnpm/@kubernetes+client-node@0.18.1/node_modules/@kubernetes/client-node",
      "link": true
    },
    "node_modules/@rollup/plugin-typescript": {
      "resolved": "../../node_modules/.pnpm/@rollup+plugin-typescript@11.1.6_rollup@2.79.1_tslib@2.7.0_typescript@4.9.5/node_modules/@rollup/plugin-typescript",
      "link": true
    },
    "node_modules/@types/js-cookie": {
      "resolved": "../../node_modules/.pnpm/@types+js-cookie@3.0.6/node_modules/@types/js-cookie",
      "link": true
    },
    "node_modules/@types/js-yaml": {
      "resolved": "../../node_modules/.pnpm/@types+js-yaml@4.0.9/node_modules/@types/js-yaml",
      "link": true
    },
    "node_modules/@types/node": {
      "resolved": "../../node_modules/.pnpm/@types+node@20.16.5/node_modules/@types/node",
      "link": true
    },
    "node_modules/@types/uuid": {
      "resolved": "../../node_modules/.pnpm/@types+uuid@9.0.8/node_modules/@types/uuid",
      "link": true
    },
    "node_modules/axios": {
      "resolved": "../../node_modules/.pnpm/axios@1.7.7/node_modules/axios",
      "link": true
    },
    "node_modules/dayjs": {
      "resolved": "../../node_modules/.pnpm/dayjs@1.11.13/node_modules/dayjs",
      "link": true
    },
    "node_modules/js-cookie": {
      "resolved": "../../node_modules/.pnpm/js-cookie@3.0.5/node_modules/js-cookie",
      "link": true
    },
    "node_modules/js-yaml": {
      "resolved": "../../node_modules/.pnpm/js-yaml@4.1.0/node_modules/js-yaml",
      "link": true
    },
    "node_modules/rollup": {
      "resolved": "../../node_modules/.pnpm/rollup@2.79.1/node_modules/rollup",
      "link": true
    },
    "node_modules/rollup-plugin-copy": {
      "resolved": "../../node_modules/.pnpm/rollup-plugin-copy@3.5.0/node_modules/rollup-plugin-copy",
      "link": true
    },
    "node_modules/rollup-plugin-dts": {
      "resolved": "../../node_modules/.pnpm/rollup-plugin-dts@4.2.3_rollup@2.79.1_typescript@4.9.5/node_modules/rollup-plugin-dts",
      "link": true
    },
    "node_modules/tslib": {
      "resolved": "../../node_modules/.pnpm/tslib@2.7.0/node_modules/tslib",
      "link": true
    },
    "node_modules/uuid": {
      "resolved": "../../node_modules/.pnpm/uuid@9.0.1/node_modules/uuid",
      "link": true
    }
  }
}
